{
  "name": "postgresql-dist",
  "version": "v15.4.0-5",
  "lockfileVersion": 3,
  "requires": true,
  "packages": {
    "": {
      "name": "postgresql-dist",
      "version": "v15.4.0-5",
      "license": "MIT",
      "dependencies": {
        "async-exit-hook": "^2.0.1"
      },
      "devDependencies": {
        "@types/async-exit-hook": "^2.0.0",
        "@types/node": "^20.8.6",
        "typescript": "^5.2.2"
      },
      "optionalDependencies": {
        "postgresql-dist-darwin-arm64": "v15.4.0-5",
        "postgresql-dist-darwin-x64": "v15.4.0-5",
        "postgresql-dist-linux-arm64": "v15.4.0-5",
        "postgresql-dist-linux-x64": "v15.4.0-5",
        "postgresql-dist-win32-x64": "v15.4.0-5"
      }
    },
    "node_modules/@types/async-exit-hook": {
      "version": "2.0.0",
      "resolved": "https://registry.npmjs.org/@types/async-exit-hook/-/async-exit-hook-2.0.0.tgz",
      "integrity": "sha512-RNjIyjnVZdcP5a1zeIPb5c0hq2nbJc/NOCLNKUAqeCw+J5z2zMcINISn9wybCWhczHnUu3VSUFy7ZCO6ir4ZRw==",
      "dev": true
    },
    "node_modules/@types/node": {
      "version": "20.8.6",
      "resolved": "https://registry.npmjs.org/@types/node/-/node-20.8.6.tgz",
      "integrity": "sha512-eWO4K2Ji70QzKUqRy6oyJWUeB7+g2cRagT3T/nxYibYcT4y2BDL8lqolRXjTHmkZCdJfIPaY73KbJAZmcryxTQ==",
      "dev": true,
      "dependencies": {
        "undici-types": "~5.25.1"
      }
    },
    "node_modules/async-exit-hook": {
      "version": "2.0.1",
      "resolved": "https://registry.npmjs.org/async-exit-hook/-/async-exit-hook-2.0.1.tgz",
      "integrity": "sha512-NW2cX8m1Q7KPA7a5M2ULQeZ2wR5qI5PAbw5L0UOMxdioVk9PMZ0h1TmyZEkPYrCvYjDlFICusOu1dlEKAAeXBw==",
      "engines": {
        "node": ">=0.12.0"
      }
    },
    "node_modules/postgresql-dist-darwin-arm64": {
      "version": "15.4.0-5",
      "resolved": "https://registry.npmjs.org/postgresql-dist-darwin-arm64/-/postgresql-dist-darwin-arm64-15.4.0-5.tgz",
      "integrity": "sha512-jb63y/UV6XCuiauPiwV6JWcfLSAK+dEoE/NT/IdJOCnqrOykYwF8FZCBOqqjZ5+HLmkOHQVo7QU2U+PLkmL1nA==",
      "cpu": [
        "arm64"
      ],
      "optional": true,
      "os": [
        "darwin"
      ]
    },
    "node_modules/postgresql-dist-darwin-x64": {
      "version": "15.4.0-5",
      "resolved": "https://registry.npmjs.org/postgresql-dist-darwin-x64/-/postgresql-dist-darwin-x64-15.4.0-5.tgz",
      "integrity": "sha512-PbkcAJfdXhv96cqTmbMLnv/goBboYBjZsjFzYRoEQJ1mydcshdOeVCxD28iqYrn4sjXSupGRIYD5u7ThzGMolw==",
      "cpu": [
        "x64"
      ],
      "optional": true,
      "os": [
        "darwin"
      ]
    },
    "node_modules/postgresql-dist-linux-arm64": {
      "version": "15.4.0-5",
      "resolved": "https://registry.npmjs.org/postgresql-dist-linux-arm64/-/postgresql-dist-linux-arm64-15.4.0-5.tgz",
      "integrity": "sha512-7AuiUQFhhBbDVllTavll0TdTrmikKdzMkHgbYGLZTr5kcXfnlSqV/5LFVKN3Ec8xf1pRIJIC/nN9yPYCG3Zsxg==",
      "cpu": [
        "arm64"
      ],
      "optional": true,
      "os": [
        "linux"
      ]
    },
    "node_modules/postgresql-dist-linux-x64": {
      "version": "15.4.0-5",
      "resolved": "https://registry.npmjs.org/postgresql-dist-linux-x64/-/postgresql-dist-linux-x64-15.4.0-5.tgz",
      "integrity": "sha512-fSu6DPIaxIMfhvTlJTAJxSCLit02MGr74LIiCQ6K++d7KIXSZuPN0N8BglRY/CFwwOhMamdcwtbZkLK05VHD3A==",
      "cpu": [
        "x64"
      ],
      "optional": true,
      "os": [
        "linux"
      ]
    },
    "node_modules/postgresql-dist-win32-x64": {
      "version": "15.4.0-5",
      "resolved": "https://registry.npmjs.org/postgresql-dist-win32-x64/-/postgresql-dist-win32-x64-15.4.0-5.tgz",
      "integrity": "sha512-cjf6e138n7L5BZNrGzR68kkAXNrR1UvXkF9s5FsBzBBQc0eW+nwymVOkmZnp77quSJhzR3Oqq+Wuj2xaAEaL0Q==",
      "cpu": [
        "x64"
      ],
      "optional": true,
      "os": [
        "win32"
      ]
    },
    "node_modules/typescript": {
      "version": "5.2.2",
      "resolved": "https://registry.npmjs.org/typescript/-/typescript-5.2.2.tgz",
      "integrity": "sha512-mI4WrpHsbCIcwT9cF4FZvr80QUeKvsUsUvKDoR+X/7XHQH98xYD8YHZg7ANtz2GtZt/CBq2QJ0thkGJMHfqc1w==",
      "dev": true,
      "bin": {
        "tsc": "bin/tsc",
        "tsserver": "bin/tsserver"
      },
      "engines": {
        "node": ">=14.17"
      }
    },
    "node_modules/undici-types": {
      "version": "5.25.3",
      "resolved": "https://registry.npmjs.org/undici-types/-/undici-types-5.25.3.tgz",
      "integrity": "sha512-Ga1jfYwRn7+cP9v8auvEXN1rX3sWqlayd4HP7OKk4mZWylEmu3KzXDUGrQUN6Ol7qo1gPvB2e5gX6udnyEPgdA==",
      "dev": true
    }
  }
}
