{
  "name": "postgresql-dist",
  "version": "v15.4.0-1",
  "lockfileVersion": 3,
  "requires": true,
  "packages": {
    "": {
      "name": "postgresql-dist",
      "version": "v15.4.0-1",
      "license": "MIT",
      "dependencies": {
        "async-exit-hook": "^2.0.1"
      },
      "optionalDependencies": {
        "postgresql-dist-darwin-arm64": "v15.4.0-1",
        "postgresql-dist-darwin-x64": "v15.4.0-1",
        "postgresql-dist-linux-arm64": "v15.4.0-1",
        "postgresql-dist-linux-x64": "v15.4.0-1",
        "postgresql-dist-win32-x64": "v15.4.0-1"
      }
    },
    "node_modules/async-exit-hook": {
      "version": "2.0.1",
      "resolved": "https://registry.npmjs.org/async-exit-hook/-/async-exit-hook-2.0.1.tgz",
      "integrity": "sha512-NW2cX8m1Q7KPA7a5M2ULQeZ2wR5qI5PAbw5L0UOMxdioVk9PMZ0h1TmyZEkPYrCvYjDlFICusOu1dlEKAAeXBw==",
      "engines": {
        "node": ">=0.12.0"
      }
    },
    "node_modules/postgresql-dist-darwin-arm64": {
      "version": "15.4.0-1",
      "resolved": "https://registry.npmjs.org/postgresql-dist-darwin-arm64/-/postgresql-dist-darwin-arm64-15.4.0-1.tgz",
      "integrity": "sha512-IYyXN8CfTTq3Jsb3fEqutD5pI3dtLIH3BxmJuZpKtHkxEfziN58Wf2IUSu7jEhu02ZeuTuC4KYMmCE0Y+AJ/RQ==",
      "cpu": [
        "arm64"
      ],
      "optional": true,
      "os": [
        "darwin"
      ]
    },
    "node_modules/postgresql-dist-darwin-x64": {
      "version": "15.4.0-1",
      "resolved": "https://registry.npmjs.org/postgresql-dist-darwin-x64/-/postgresql-dist-darwin-x64-15.4.0-1.tgz",
      "integrity": "sha512-CdvOmh+UpEC0GG2rfVt5ZtC4DAV3OWmf38W5/DL7GZB9GyYhrHcmJ/m95e0kREKucayFV2NUgwxB5cVz4eXCcA==",
      "cpu": [
        "x64"
      ],
      "optional": true,
      "os": [
        "darwin"
      ]
    },
    "node_modules/postgresql-dist-linux-arm64": {
      "version": "15.4.0-1",
      "resolved": "https://registry.npmjs.org/postgresql-dist-linux-arm64/-/postgresql-dist-linux-arm64-15.4.0-1.tgz",
      "integrity": "sha512-Fgl6lGTgcxg8R0qwEqFHpPXRNsP2LpB9hsPkFyrA4/zVs4pBVBlpCf6918UcXfGitZp97+JLr7/8h0teZovGEw==",
      "cpu": [
        "arm64"
      ],
      "optional": true,
      "os": [
        "linux"
      ]
    },
    "node_modules/postgresql-dist-linux-x64": {
      "version": "15.4.0-1",
      "resolved": "https://registry.npmjs.org/postgresql-dist-linux-x64/-/postgresql-dist-linux-x64-15.4.0-1.tgz",
      "integrity": "sha512-Sr1js0Pu8W1NTkH0Mg7ne8Y7U1MLrdlSS/OBaE5MnuWeasbRqQ8P8qkwrHkvD/PhMQRZXa2Os8X6LDKyEKDYIg==",
      "cpu": [
        "x64"
      ],
      "optional": true,
      "os": [
        "linux"
      ]
    },
    "node_modules/postgresql-dist-win32-x64": {
      "version": "15.4.0-1",
      "resolved": "https://registry.npmjs.org/postgresql-dist-win32-x64/-/postgresql-dist-win32-x64-15.4.0-1.tgz",
      "integrity": "sha512-5sUcXGfQq/91o3bYu9EPYoQf/Nv8FToO6YEi74UjDh5WujUrnixBNzEUyJ3JbYKy7Yn1hPAZWuDDjYTaDpYTgQ==",
      "cpu": [
        "x64"
      ],
      "optional": true,
      "os": [
        "win32"
      ]
    }
  }
}
